
Microsoft Visual Studio Solution File, Format Version 12.00
# Visual Studio Version 17
VisualStudioVersion = 17.12.35527.113
MinimumVisualStudioVersion = 10.0.40219.1
Project("{2150E333-8FDC-42A3-9474-1A3956D46DE8}") = "Domain", "Domain", "{938BBDE7-1B69-4684-AECB-7380AB95939B}"
EndProject
Project("{2150E333-8FDC-42A3-9474-1A3956D46DE8}") = "Application", "Application", "{2AC7BBB4-6046-4A89-82ED-540940913D13}"
EndProject
Project("{2150E333-8FDC-42A3-9474-1A3956D46DE8}") = "Infrastructure", "Infrastructure", "{2BEA1C7E-9E6C-4C4B-A297-8C7A490682EC}"
EndProject
Project("{2150E333-8FDC-42A3-9474-1A3956D46DE8}") = "Presentation", "Presentation", "{536E2F48-5CA3-4469-A3E5-5D677D71F587}"
EndProject
Project("{2150E333-8FDC-42A3-9474-1A3956D46DE8}") = "Tests", "Tests", "{DAD1B56C-DFEB-4595-869E-DB6A620ABB08}"
EndProject
Project("{2150E333-8FDC-42A3-9474-1A3956D46DE8}") = "Src", "Src", "{81B67163-22B0-40F8-BDAF-D2D379659EFB}"
EndProject
Project("{FAE04EC0-301F-11D3-BF4B-00C04F79EFBC}") = "Iprox.Application.Common.Dtos", "Iprox.Application.Common.Dtos\Iprox.Application.Common.Dtos.csproj", "{57B085DA-CD2D-411E-AF55-F1D4CDE7BD15}"
EndProject
Project("{FAE04EC0-301F-11D3-BF4B-00C04F79EFBC}") = "Iprox.Application.Common.Interface", "Iprox.Application.Common.Interface\Iprox.Application.Common.Interface.csproj", "{60B6429F-94C0-439E-A4FF-BDA66D3CFDB3}"
EndProject
Project("{FAE04EC0-301F-11D3-BF4B-00C04F79EFBC}") = "Iprox.Application.TvShowsApi", "Iprox.Application.TvShowsApi\Iprox.Application.TvShowsApi.csproj", "{94DF9216-63C7-4515-A225-B6451F8EA868}"
EndProject
Project("{FAE04EC0-301F-11D3-BF4B-00C04F79EFBC}") = "Iprox.Domain.Enums", "Iprox.Domain.Enums\Iprox.Domain.Enums.csproj", "{744C1B31-DCFD-4111-AFFF-2B090E356C38}"
EndProject
Project("{FAE04EC0-301F-11D3-BF4B-00C04F79EFBC}") = "Iprox.Domain.Interface", "Iprox.Domain.Interface\Iprox.Domain.Interface.csproj", "{A5F13314-BDB2-42D3-9A50-8F5D666CFC27}"
EndProject
Project("{FAE04EC0-301F-11D3-BF4B-00C04F79EFBC}") = "Iprox.Infrastructure.Persistence", "Iprox.Infrastructure.Persistence\Iprox.Infrastructure.Persistence.csproj", "{8F1E807D-A2CC-4E7B-9365-B813F94BF06F}"
EndProject
Project("{FAE04EC0-301F-11D3-BF4B-00C04F79EFBC}") = "Iprox.Domain.Core", "Iprox.Domain.Core\Iprox.Domain.Core.csproj", "{12E8B4FE-A137-4503-9F24-C1F77E180E7A}"
EndProject
Project("{FAE04EC0-301F-11D3-BF4B-00C04F79EFBC}") = "Iprox.Presentation.TvShows.Minimal.Api", "Iprox.Presentation.TvShows.Minimal.Api\Iprox.Presentation.TvShows.Minimal.Api.csproj", "{FAE4FA20-7105-47DE-93C7-CE06429F9D54}"
EndProject
Project("{FAE04EC0-301F-11D3-BF4B-00C04F79EFBC}") = "Iprox.Presentation.TvShows.Api", "Iprox.Presentation.TvShows.Api\Iprox.Presentation.TvShows.Api.csproj", "{965A7811-6AF8-42FA-BF43-CD7593080ABB}"
EndProject
Project("{2150E333-8FDC-42A3-9474-1A3956D46DE8}") = "Functions", "Functions", "{AD38154E-EDB1-46AD-88CC-553E2B8D2614}"
EndProject
Project("{FAE04EC0-301F-11D3-BF4B-00C04F79EFBC}") = "Iprox.Presentation.Functions.TvShowFunctions", "Iprox.Presentation.Functions.TvShowFunctions\Iprox.Presentation.Functions.TvShowFunctions.csproj", "{77DEF637-801F-4D7E-81FF-4B946201D652}"
EndProject
Project("{FAE04EC0-301F-11D3-BF4B-00C04F79EFBC}") = "Iprox.Application.TvShowFunc", "Iprox.Application.TvShowFunc\Iprox.Application.TvShowFunc.csproj", "{B78165D9-7FEC-44E7-9566-64AD6BDCACF4}"
EndProject
Project("{FAE04EC0-301F-11D3-BF4B-00C04F79EFBC}") = "Iprox.Domain.Entities", "Iprox.Domain.Entities\Iprox.Domain.Entities.csproj", "{819EAD00-CC85-4C88-BFDA-3DF9BAAB8A39}"
EndProject
Project("{FAE04EC0-301F-11D3-BF4B-00C04F79EFBC}") = "Iprox.TvShows.UnitTests", "Iprox.TvShows.UnitTests\Iprox.TvShows.UnitTests.csproj", "{C21BD610-40D7-416F-BE53-BBAEADF79960}"
EndProject
Project("{2150E333-8FDC-42A3-9474-1A3956D46DE8}") = "Cicd", "Cicd", "{9BB38572-3C7B-4BBC-A25B-C71DA411E0BF}"
EndProject
Project("{2150E333-8FDC-42A3-9474-1A3956D46DE8}") = "workflows", "workflows", "{F2D9816F-6380-4C29-A73C-D17C24916018}"
	ProjectSection(SolutionItems) = preProject
		ci-cd-pipeline.yml = ci-cd-pipeline.yml
	EndProjectSection
EndProject
Project("{FAE04EC0-301F-11D3-BF4B-00C04F79EFBC}") = "Iprox.Infrastructure.ExternalServices", "Iprox.Infrastructure.ExternalServices\Iprox.Infrastructure.ExternalServices.csproj", "{E74D2F95-DD6F-4D61-B29A-A2C5FB37BDCE}"
EndProject
Project("{FAE04EC0-301F-11D3-BF4B-00C04F79EFBC}") = "Iprox.Domain.Helpers", "Iprox.Domain.Helpers\Iprox.Domain.Helpers.csproj", "{7C9DB096-B536-481E-AF49-87942120ECCF}"
EndProject
Global
	GlobalSection(SolutionConfigurationPlatforms) = preSolution
		Debug|Any CPU = Debug|Any CPU
		Release|Any CPU = Release|Any CPU
	EndGlobalSection
	GlobalSection(ProjectConfigurationPlatforms) = postSolution
		{57B085DA-CD2D-411E-AF55-F1D4CDE7BD15}.Debug|Any CPU.ActiveCfg = Debug|Any CPU
		{57B085DA-CD2D-411E-AF55-F1D4CDE7BD15}.Debug|Any CPU.Build.0 = Debug|Any CPU
		{57B085DA-CD2D-411E-AF55-F1D4CDE7BD15}.Release|Any CPU.ActiveCfg = Release|Any CPU
		{57B085DA-CD2D-411E-AF55-F1D4CDE7BD15}.Release|Any CPU.Build.0 = Release|Any CPU
		{60B6429F-94C0-439E-A4FF-BDA66D3CFDB3}.Debug|Any CPU.ActiveCfg = Debug|Any CPU
		{60B6429F-94C0-439E-A4FF-BDA66D3CFDB3}.Debug|Any CPU.Build.0 = Debug|Any CPU
		{60B6429F-94C0-439E-A4FF-BDA66D3CFDB3}.Release|Any CPU.ActiveCfg = Release|Any CPU
		{60B6429F-94C0-439E-A4FF-BDA66D3CFDB3}.Release|Any CPU.Build.0 = Release|Any CPU
		{94DF9216-63C7-4515-A225-B6451F8EA868}.Debug|Any CPU.ActiveCfg = Debug|Any CPU
		{94DF9216-63C7-4515-A225-B6451F8EA868}.Debug|Any CPU.Build.0 = Debug|Any CPU
		{94DF9216-63C7-4515-A225-B6451F8EA868}.Release|Any CPU.ActiveCfg = Release|Any CPU
		{94DF9216-63C7-4515-A225-B6451F8EA868}.Release|Any CPU.Build.0 = Release|Any CPU
		{744C1B31-DCFD-4111-AFFF-2B090E356C38}.Debug|Any CPU.ActiveCfg = Debug|Any CPU
		{744C1B31-DCFD-4111-AFFF-2B090E356C38}.Debug|Any CPU.Build.0 = Debug|Any CPU
		{744C1B31-DCFD-4111-AFFF-2B090E356C38}.Release|Any CPU.ActiveCfg = Release|Any CPU
		{744C1B31-DCFD-4111-AFFF-2B090E356C38}.Release|Any CPU.Build.0 = Release|Any CPU
		{A5F13314-BDB2-42D3-9A50-8F5D666CFC27}.Debug|Any CPU.ActiveCfg = Debug|Any CPU
		{A5F13314-BDB2-42D3-9A50-8F5D666CFC27}.Debug|Any CPU.Build.0 = Debug|Any CPU
		{A5F13314-BDB2-42D3-9A50-8F5D666CFC27}.Release|Any CPU.ActiveCfg = Release|Any CPU
		{A5F13314-BDB2-42D3-9A50-8F5D666CFC27}.Release|Any CPU.Build.0 = Release|Any CPU
		{8F1E807D-A2CC-4E7B-9365-B813F94BF06F}.Debug|Any CPU.ActiveCfg = Debug|Any CPU
		{8F1E807D-A2CC-4E7B-9365-B813F94BF06F}.Debug|Any CPU.Build.0 = Debug|Any CPU
		{8F1E807D-A2CC-4E7B-9365-B813F94BF06F}.Release|Any CPU.ActiveCfg = Release|Any CPU
		{8F1E807D-A2CC-4E7B-9365-B813F94BF06F}.Release|Any CPU.Build.0 = Release|Any CPU
		{12E8B4FE-A137-4503-9F24-C1F77E180E7A}.Debug|Any CPU.ActiveCfg = Debug|Any CPU
		{12E8B4FE-A137-4503-9F24-C1F77E180E7A}.Debug|Any CPU.Build.0 = Debug|Any CPU
		{12E8B4FE-A137-4503-9F24-C1F77E180E7A}.Release|Any CPU.ActiveCfg = Release|Any CPU
		{12E8B4FE-A137-4503-9F24-C1F77E180E7A}.Release|Any CPU.Build.0 = Release|Any CPU
		{FAE4FA20-7105-47DE-93C7-CE06429F9D54}.Debug|Any CPU.ActiveCfg = Debug|Any CPU
		{FAE4FA20-7105-47DE-93C7-CE06429F9D54}.Debug|Any CPU.Build.0 = Debug|Any CPU
		{FAE4FA20-7105-47DE-93C7-CE06429F9D54}.Release|Any CPU.ActiveCfg = Release|Any CPU
		{FAE4FA20-7105-47DE-93C7-CE06429F9D54}.Release|Any CPU.Build.0 = Release|Any CPU
		{965A7811-6AF8-42FA-BF43-CD7593080ABB}.Debug|Any CPU.ActiveCfg = Debug|Any CPU
		{965A7811-6AF8-42FA-BF43-CD7593080ABB}.Debug|Any CPU.Build.0 = Debug|Any CPU
		{965A7811-6AF8-42FA-BF43-CD7593080ABB}.Release|Any CPU.ActiveCfg = Release|Any CPU
		{965A7811-6AF8-42FA-BF43-CD7593080ABB}.Release|Any CPU.Build.0 = Release|Any CPU
		{77DEF637-801F-4D7E-81FF-4B946201D652}.Debug|Any CPU.ActiveCfg = Debug|Any CPU
		{77DEF637-801F-4D7E-81FF-4B946201D652}.Debug|Any CPU.Build.0 = Debug|Any CPU
		{77DEF637-801F-4D7E-81FF-4B946201D652}.Release|Any CPU.ActiveCfg = Release|Any CPU
		{77DEF637-801F-4D7E-81FF-4B946201D652}.Release|Any CPU.Build.0 = Release|Any CPU
		{B78165D9-7FEC-44E7-9566-64AD6BDCACF4}.Debug|Any CPU.ActiveCfg = Debug|Any CPU
		{B78165D9-7FEC-44E7-9566-64AD6BDCACF4}.Debug|Any CPU.Build.0 = Debug|Any CPU
		{B78165D9-7FEC-44E7-9566-64AD6BDCACF4}.Release|Any CPU.ActiveCfg = Release|Any CPU
		{B78165D9-7FEC-44E7-9566-64AD6BDCACF4}.Release|Any CPU.Build.0 = Release|Any CPU
		{819EAD00-CC85-4C88-BFDA-3DF9BAAB8A39}.Debug|Any CPU.ActiveCfg = Debug|Any CPU
		{819EAD00-CC85-4C88-BFDA-3DF9BAAB8A39}.Debug|Any CPU.Build.0 = Debug|Any CPU
		{819EAD00-CC85-4C88-BFDA-3DF9BAAB8A39}.Release|Any CPU.ActiveCfg = Release|Any CPU
		{819EAD00-CC85-4C88-BFDA-3DF9BAAB8A39}.Release|Any CPU.Build.0 = Release|Any CPU
		{C21BD610-40D7-416F-BE53-BBAEADF79960}.Debug|Any CPU.ActiveCfg = Debug|Any CPU
		{C21BD610-40D7-416F-BE53-BBAEADF79960}.Debug|Any CPU.Build.0 = Debug|Any CPU
		{C21BD610-40D7-416F-BE53-BBAEADF79960}.Release|Any CPU.ActiveCfg = Release|Any CPU
		{C21BD610-40D7-416F-BE53-BBAEADF79960}.Release|Any CPU.Build.0 = Release|Any CPU
		{E74D2F95-DD6F-4D61-B29A-A2C5FB37BDCE}.Debug|Any CPU.ActiveCfg = Debug|Any CPU
		{E74D2F95-DD6F-4D61-B29A-A2C5FB37BDCE}.Debug|Any CPU.Build.0 = Debug|Any CPU
		{E74D2F95-DD6F-4D61-B29A-A2C5FB37BDCE}.Release|Any CPU.ActiveCfg = Release|Any CPU
		{E74D2F95-DD6F-4D61-B29A-A2C5FB37BDCE}.Release|Any CPU.Build.0 = Release|Any CPU
		{7C9DB096-B536-481E-AF49-87942120ECCF}.Debug|Any CPU.ActiveCfg = Debug|Any CPU
		{7C9DB096-B536-481E-AF49-87942120ECCF}.Debug|Any CPU.Build.0 = Debug|Any CPU
		{7C9DB096-B536-481E-AF49-87942120ECCF}.Release|Any CPU.ActiveCfg = Release|Any CPU
		{7C9DB096-B536-481E-AF49-87942120ECCF}.Release|Any CPU.Build.0 = Release|Any CPU
	EndGlobalSection
	GlobalSection(SolutionProperties) = preSolution
		HideSolutionNode = FALSE
	EndGlobalSection
	GlobalSection(NestedProjects) = preSolution
		{938BBDE7-1B69-4684-AECB-7380AB95939B} = {81B67163-22B0-40F8-BDAF-D2D379659EFB}
		{2AC7BBB4-6046-4A89-82ED-540940913D13} = {81B67163-22B0-40F8-BDAF-D2D379659EFB}
		{2BEA1C7E-9E6C-4C4B-A297-8C7A490682EC} = {81B67163-22B0-40F8-BDAF-D2D379659EFB}
		{536E2F48-5CA3-4469-A3E5-5D677D71F587} = {81B67163-22B0-40F8-BDAF-D2D379659EFB}
		{57B085DA-CD2D-411E-AF55-F1D4CDE7BD15} = {2AC7BBB4-6046-4A89-82ED-540940913D13}
		{60B6429F-94C0-439E-A4FF-BDA66D3CFDB3} = {2AC7BBB4-6046-4A89-82ED-540940913D13}
		{94DF9216-63C7-4515-A225-B6451F8EA868} = {2AC7BBB4-6046-4A89-82ED-540940913D13}
		{744C1B31-DCFD-4111-AFFF-2B090E356C38} = {938BBDE7-1B69-4684-AECB-7380AB95939B}
		{A5F13314-BDB2-42D3-9A50-8F5D666CFC27} = {938BBDE7-1B69-4684-AECB-7380AB95939B}
		{8F1E807D-A2CC-4E7B-9365-B813F94BF06F} = {2BEA1C7E-9E6C-4C4B-A297-8C7A490682EC}
		{12E8B4FE-A137-4503-9F24-C1F77E180E7A} = {938BBDE7-1B69-4684-AECB-7380AB95939B}
		{FAE4FA20-7105-47DE-93C7-CE06429F9D54} = {536E2F48-5CA3-4469-A3E5-5D677D71F587}
		{965A7811-6AF8-42FA-BF43-CD7593080ABB} = {536E2F48-5CA3-4469-A3E5-5D677D71F587}
		{AD38154E-EDB1-46AD-88CC-553E2B8D2614} = {536E2F48-5CA3-4469-A3E5-5D677D71F587}
		{77DEF637-801F-4D7E-81FF-4B946201D652} = {AD38154E-EDB1-46AD-88CC-553E2B8D2614}
		{B78165D9-7FEC-44E7-9566-64AD6BDCACF4} = {2AC7BBB4-6046-4A89-82ED-540940913D13}
		{819EAD00-CC85-4C88-BFDA-3DF9BAAB8A39} = {938BBDE7-1B69-4684-AECB-7380AB95939B}
		{C21BD610-40D7-416F-BE53-BBAEADF79960} = {DAD1B56C-DFEB-4595-869E-DB6A620ABB08}
		{F2D9816F-6380-4C29-A73C-D17C24916018} = {9BB38572-3C7B-4BBC-A25B-C71DA411E0BF}
		{E74D2F95-DD6F-4D61-B29A-A2C5FB37BDCE} = {2BEA1C7E-9E6C-4C4B-A297-8C7A490682EC}
		{7C9DB096-B536-481E-AF49-87942120ECCF} = {938BBDE7-1B69-4684-AECB-7380AB95939B}
	EndGlobalSection
EndGlobal
